
Microsoft Visual Studio Solution File, Format Version 12.00
# Visual Studio Version 17
VisualStudioVersion = 17.11.35431.28
MinimumVisualStudioVersion = 10.0.40219.1
Project("{FAE04EC0-301F-11D3-BF4B-00C04F79EFBC}") = "BowlingGame", "BowlingGame.csproj", "{B94B2225-6A82-468A-8494-E3DD46A94833}"
EndProject
Global
	GlobalSection(SolutionConfigurationPlatforms) = preSolution
		Debug|Any CPU = Debug|Any CPU
		Release|Any CPU = Release|Any CPU
	EndGlobalSection
	GlobalSection(ProjectConfigurationPlatforms) = postSolution
		{B94B2225-6A82-468A-8494-E3DD46A94833}.Debug|Any CPU.ActiveCfg = Debug|Any CPU
		{B94B2225-6A82-468A-8494-E3DD46A94833}.Debug|Any CPU.Build.0 = Debug|Any CPU
		{B94B2225-6A82-468A-8494-E3DD46A94833}.Release|Any CPU.ActiveCfg = Release|Any CPU
		{B94B2225-6A82-468A-8494-E3DD46A94833}.Release|Any CPU.Build.0 = Release|Any CPU
	EndGlobalSection
	GlobalSection(SolutionProperties) = preSolution
		HideSolutionNode = FALSE
	EndGlobalSection
	GlobalSection(ExtensibilityGlobals) = postSolution
		SolutionGuid = {55202E2A-DAC4-4BCD-9F8D-7DA63E1F57E1}
	EndGlobalSection
EndGlobal
